// !$*UTF8*$!
{
	archiveVersion = 1;
	classes = {
	};
	objectVersion = 46;
	objects = {

/* Begin PBXBuildFile section */
		D83DD06B187B3BEC0092D155 /* Foundation.framework in Frameworks */ = {isa = PBXBuildFile; fileRef = D83DD06A187B3BEC0092D155 /* Foundation.framework */; };
		D83DD06D187B3BEC0092D155 /* CoreGraphics.framework in Frameworks */ = {isa = PBXBuildFile; fileRef = D83DD06C187B3BEC0092D155 /* CoreGraphics.framework */; };
		D83DD06F187B3BEC0092D155 /* UIKit.framework in Frameworks */ = {isa = PBXBuildFile; fileRef = D83DD06E187B3BEC0092D155 /* UIKit.framework */; };
		D83DD075187B3BEC0092D155 /* InfoPlist.strings in Resources */ = {isa = PBXBuildFile; fileRef = D83DD073187B3BEC0092D155 /* InfoPlist.strings */; };
		D83DD077187B3BEC0092D155 /* main.m in Sources */ = {isa = PBXBuildFile; fileRef = D83DD076187B3BEC0092D155 /* main.m */; };
		D83DD07B187B3BEC0092D155 /* ASAppDelegate.m in Sources */ = {isa = PBXBuildFile; fileRef = D83DD07A187B3BEC0092D155 /* ASAppDelegate.m */; };
		D83DD07D187B3BEC0092D155 /* Images.xcassets in Resources */ = {isa = PBXBuildFile; fileRef = D83DD07C187B3BEC0092D155 /* Images.xcassets */; };
		D83DD084187B3BEC0092D155 /* XCTest.framework in Frameworks */ = {isa = PBXBuildFile; fileRef = D83DD083187B3BEC0092D155 /* XCTest.framework */; };
		D83DD085187B3BEC0092D155 /* Foundation.framework in Frameworks */ = {isa = PBXBuildFile; fileRef = D83DD06A187B3BEC0092D155 /* Foundation.framework */; };
		D83DD086187B3BEC0092D155 /* UIKit.framework in Frameworks */ = {isa = PBXBuildFile; fileRef = D83DD06E187B3BEC0092D155 /* UIKit.framework */; };
		D83DD08E187B3BEC0092D155 /* InfoPlist.strings in Resources */ = {isa = PBXBuildFile; fileRef = D83DD08C187B3BEC0092D155 /* InfoPlist.strings */; };
		D83DD090187B3BEC0092D155 /* SpockGoalTests.m in Sources */ = {isa = PBXBuildFile; fileRef = D83DD08F187B3BEC0092D155 /* SpockGoalTests.m */; };
		D83DD09B187B3C330092D155 /* ASMainViewController.m in Sources */ = {isa = PBXBuildFile; fileRef = D83DD09A187B3C330092D155 /* ASMainViewController.m */; };
		D83DD11F187B4BFA0092D155 /* CoreData.framework in Frameworks */ = {isa = PBXBuildFile; fileRef = D83DD11E187B4BFA0092D155 /* CoreData.framework */; };
		D83DD122187B4C210092D155 /* SpockGoal.xcdatamodeld in Sources */ = {isa = PBXBuildFile; fileRef = D83DD120187B4C210092D155 /* SpockGoal.xcdatamodeld */; };
		D83DD12B187B52320092D155 /* ASGoalStore.m in Sources */ = {isa = PBXBuildFile; fileRef = D83DD12A187B52320092D155 /* ASGoalStore.m */; };
		D83DD12F187B58580092D155 /* ASTimeProcess.m in Sources */ = {isa = PBXBuildFile; fileRef = D83DD12E187B58580092D155 /* ASTimeProcess.m */; };
		D8F9C6D7187C72440033B5C4 /* ASGoalCell.m in Sources */ = {isa = PBXBuildFile; fileRef = D8F9C6D6187C72440033B5C4 /* ASGoalCell.m */; };
		D8F9C6D9187C72650033B5C4 /* ASGoalCell.xib in Resources */ = {isa = PBXBuildFile; fileRef = D8F9C6D8187C72650033B5C4 /* ASGoalCell.xib */; };
		D8F9C6DC187C7AF70033B5C4 /* ASRandom.m in Sources */ = {isa = PBXBuildFile; fileRef = D8F9C6DB187C7AF70033B5C4 /* ASRandom.m */; };
		D8F9C6EF187CAF0F0033B5C4 /* ASGoalFormViewController.m in Sources */ = {isa = PBXBuildFile; fileRef = D8F9C6ED187CAF0F0033B5C4 /* ASGoalFormViewController.m */; };
		D8F9C6F0187CAF0F0033B5C4 /* ASGoalFormViewController.xib in Resources */ = {isa = PBXBuildFile; fileRef = D8F9C6EE187CAF0F0033B5C4 /* ASGoalFormViewController.xib */; };
		D8F9C6F3187CCD2A0033B5C4 /* ASRecord.m in Sources */ = {isa = PBXBuildFile; fileRef = D8F9C6F2187CCD2A0033B5C4 /* ASRecord.m */; };
		D8F9C6F6187CCD2B0033B5C4 /* ASGoal.m in Sources */ = {isa = PBXBuildFile; fileRef = D8F9C6F5187CCD2B0033B5C4 /* ASGoal.m */; };
		D8F9C6FA187CD83C0033B5C4 /* ASTimePickerViewController.m in Sources */ = {isa = PBXBuildFile; fileRef = D8F9C6F8187CD83C0033B5C4 /* ASTimePickerViewController.m */; };
		D8F9C6FB187CD83C0033B5C4 /* ASTimePickerViewController.xib in Resources */ = {isa = PBXBuildFile; fileRef = D8F9C6F9187CD83C0033B5C4 /* ASTimePickerViewController.xib */; };
		D8F9C6FD187D62A50033B5C4 /* QuartzCore.framework in Frameworks */ = {isa = PBXBuildFile; fileRef = D8F9C6FC187D62A50033B5C4 /* QuartzCore.framework */; };
		D8F9C700187D97D90033B5C4 /* ASGoalCopy.m in Sources */ = {isa = PBXBuildFile; fileRef = D8F9C6FF187D97D80033B5C4 /* ASGoalCopy.m */; };
/* End PBXBuildFile section */

/* Begin PBXContainerItemProxy section */
		D83DD087187B3BEC0092D155 /* PBXContainerItemProxy */ = {
			isa = PBXContainerItemProxy;
			containerPortal = D83DD05F187B3BEB0092D155 /* Project object */;
			proxyType = 1;
			remoteGlobalIDString = D83DD066187B3BEC0092D155;
			remoteInfo = SpockGoal;
		};
/* End PBXContainerItemProxy section */

/* Begin PBXFileReference section */
		D83DD067187B3BEC0092D155 /* SpockGoal.app */ = {isa = PBXFileReference; explicitFileType = wrapper.application; includeInIndex = 0; path = SpockGoal.app; sourceTree = BUILT_PRODUCTS_DIR; };
		D83DD06A187B3BEC0092D155 /* Foundation.framework */ = {isa = PBXFileReference; lastKnownFileType = wrapper.framework; name = Foundation.framework; path = System/Library/Frameworks/Foundation.framework; sourceTree = SDKROOT; };
		D83DD06C187B3BEC0092D155 /* CoreGraphics.framework */ = {isa = PBXFileReference; lastKnownFileType = wrapper.framework; name = CoreGraphics.framework; path = System/Library/Frameworks/CoreGraphics.framework; sourceTree = SDKROOT; };
		D83DD06E187B3BEC0092D155 /* UIKit.framework */ = {isa = PBXFileReference; lastKnownFileType = wrapper.framework; name = UIKit.framework; path = System/Library/Frameworks/UIKit.framework; sourceTree = SDKROOT; };
		D83DD072187B3BEC0092D155 /* SpockGoal-Info.plist */ = {isa = PBXFileReference; lastKnownFileType = text.plist.xml; path = "SpockGoal-Info.plist"; sourceTree = "<group>"; };
		D83DD074187B3BEC0092D155 /* en */ = {isa = PBXFileReference; lastKnownFileType = text.plist.strings; name = en; path = en.lproj/InfoPlist.strings; sourceTree = "<group>"; };
		D83DD076187B3BEC0092D155 /* main.m */ = {isa = PBXFileReference; lastKnownFileType = sourcecode.c.objc; path = main.m; sourceTree = "<group>"; };
		D83DD078187B3BEC0092D155 /* SpockGoal-Prefix.pch */ = {isa = PBXFileReference; lastKnownFileType = sourcecode.c.h; path = "SpockGoal-Prefix.pch"; sourceTree = "<group>"; };
		D83DD079187B3BEC0092D155 /* ASAppDelegate.h */ = {isa = PBXFileReference; lastKnownFileType = sourcecode.c.h; path = ASAppDelegate.h; sourceTree = "<group>"; };
		D83DD07A187B3BEC0092D155 /* ASAppDelegate.m */ = {isa = PBXFileReference; lastKnownFileType = sourcecode.c.objc; path = ASAppDelegate.m; sourceTree = "<group>"; };
		D83DD07C187B3BEC0092D155 /* Images.xcassets */ = {isa = PBXFileReference; lastKnownFileType = folder.assetcatalog; path = Images.xcassets; sourceTree = "<group>"; };
		D83DD082187B3BEC0092D155 /* SpockGoalTests.xctest */ = {isa = PBXFileReference; explicitFileType = wrapper.cfbundle; includeInIndex = 0; path = SpockGoalTests.xctest; sourceTree = BUILT_PRODUCTS_DIR; };
		D83DD083187B3BEC0092D155 /* XCTest.framework */ = {isa = PBXFileReference; lastKnownFileType = wrapper.framework; name = XCTest.framework; path = Library/Frameworks/XCTest.framework; sourceTree = DEVELOPER_DIR; };
		D83DD08B187B3BEC0092D155 /* SpockGoalTests-Info.plist */ = {isa = PBXFileReference; lastKnownFileType = text.plist.xml; path = "SpockGoalTests-Info.plist"; sourceTree = "<group>"; };
		D83DD08D187B3BEC0092D155 /* en */ = {isa = PBXFileReference; lastKnownFileType = text.plist.strings; name = en; path = en.lproj/InfoPlist.strings; sourceTree = "<group>"; };
		D83DD08F187B3BEC0092D155 /* SpockGoalTests.m */ = {isa = PBXFileReference; lastKnownFileType = sourcecode.c.objc; path = SpockGoalTests.m; sourceTree = "<group>"; };
		D83DD099187B3C330092D155 /* ASMainViewController.h */ = {isa = PBXFileReference; fileEncoding = 4; lastKnownFileType = sourcecode.c.h; name = ASMainViewController.h; path = ../ASMainViewController.h; sourceTree = "<group>"; };
		D83DD09A187B3C330092D155 /* ASMainViewController.m */ = {isa = PBXFileReference; fileEncoding = 4; lastKnownFileType = sourcecode.c.objc; name = ASMainViewController.m; path = ../ASMainViewController.m; sourceTree = "<group>"; };
		D83DD11E187B4BFA0092D155 /* CoreData.framework */ = {isa = PBXFileReference; lastKnownFileType = wrapper.framework; name = CoreData.framework; path = System/Library/Frameworks/CoreData.framework; sourceTree = SDKROOT; };
		D83DD121187B4C210092D155 /* SpockGoal.xcdatamodel */ = {isa = PBXFileReference; lastKnownFileType = wrapper.xcdatamodel; path = SpockGoal.xcdatamodel; sourceTree = "<group>"; };
		D83DD129187B52320092D155 /* ASGoalStore.h */ = {isa = PBXFileReference; fileEncoding = 4; lastKnownFileType = sourcecode.c.h; path = ASGoalStore.h; sourceTree = "<group>"; };
		D83DD12A187B52320092D155 /* ASGoalStore.m */ = {isa = PBXFileReference; fileEncoding = 4; lastKnownFileType = sourcecode.c.objc; path = ASGoalStore.m; sourceTree = "<group>"; };
		D83DD12D187B58580092D155 /* ASTimeProcess.h */ = {isa = PBXFileReference; fileEncoding = 4; lastKnownFileType = sourcecode.c.h; path = ASTimeProcess.h; sourceTree = "<group>"; };
		D83DD12E187B58580092D155 /* ASTimeProcess.m */ = {isa = PBXFileReference; fileEncoding = 4; lastKnownFileType = sourcecode.c.objc; path = ASTimeProcess.m; sourceTree = "<group>"; };
		D8F9C6D5187C72440033B5C4 /* ASGoalCell.h */ = {isa = PBXFileReference; fileEncoding = 4; lastKnownFileType = sourcecode.c.h; path = ASGoalCell.h; sourceTree = "<group>"; };
		D8F9C6D6187C72440033B5C4 /* ASGoalCell.m */ = {isa = PBXFileReference; fileEncoding = 4; lastKnownFileType = sourcecode.c.objc; path = ASGoalCell.m; sourceTree = "<group>"; };
		D8F9C6D8187C72650033B5C4 /* ASGoalCell.xib */ = {isa = PBXFileReference; fileEncoding = 4; lastKnownFileType = file.xib; path = ASGoalCell.xib; sourceTree = "<group>"; };
		D8F9C6DA187C7AF70033B5C4 /* ASRandom.h */ = {isa = PBXFileReference; fileEncoding = 4; lastKnownFileType = sourcecode.c.h; path = ASRandom.h; sourceTree = "<group>"; };
		D8F9C6DB187C7AF70033B5C4 /* ASRandom.m */ = {isa = PBXFileReference; fileEncoding = 4; lastKnownFileType = sourcecode.c.objc; path = ASRandom.m; sourceTree = "<group>"; };
		D8F9C6EC187CAF0F0033B5C4 /* ASGoalFormViewController.h */ = {isa = PBXFileReference; fileEncoding = 4; lastKnownFileType = sourcecode.c.h; path = ASGoalFormViewController.h; sourceTree = "<group>"; };
		D8F9C6ED187CAF0F0033B5C4 /* ASGoalFormViewController.m */ = {isa = PBXFileReference; fileEncoding = 4; lastKnownFileType = sourcecode.c.objc; path = ASGoalFormViewController.m; sourceTree = "<group>"; };
		D8F9C6EE187CAF0F0033B5C4 /* ASGoalFormViewController.xib */ = {isa = PBXFileReference; fileEncoding = 4; lastKnownFileType = file.xib; path = ASGoalFormViewController.xib; sourceTree = "<group>"; };
		D8F9C6F1187CCD2A0033B5C4 /* ASRecord.h */ = {isa = PBXFileReference; fileEncoding = 4; lastKnownFileType = sourcecode.c.h; path = ASRecord.h; sourceTree = "<group>"; };
		D8F9C6F2187CCD2A0033B5C4 /* ASRecord.m */ = {isa = PBXFileReference; fileEncoding = 4; lastKnownFileType = sourcecode.c.objc; path = ASRecord.m; sourceTree = "<group>"; };
		D8F9C6F4187CCD2B0033B5C4 /* ASGoal.h */ = {isa = PBXFileReference; fileEncoding = 4; lastKnownFileType = sourcecode.c.h; path = ASGoal.h; sourceTree = "<group>"; };
		D8F9C6F5187CCD2B0033B5C4 /* ASGoal.m */ = {isa = PBXFileReference; fileEncoding = 4; lastKnownFileType = sourcecode.c.objc; path = ASGoal.m; sourceTree = "<group>"; };
		D8F9C6F7187CD83C0033B5C4 /* ASTimePickerViewController.h */ = {isa = PBXFileReference; fileEncoding = 4; lastKnownFileType = sourcecode.c.h; path = ASTimePickerViewController.h; sourceTree = "<group>"; };
		D8F9C6F8187CD83C0033B5C4 /* ASTimePickerViewController.m */ = {isa = PBXFileReference; fileEncoding = 4; lastKnownFileType = sourcecode.c.objc; path = ASTimePickerViewController.m; sourceTree = "<group>"; };
		D8F9C6F9187CD83C0033B5C4 /* ASTimePickerViewController.xib */ = {isa = PBXFileReference; fileEncoding = 4; lastKnownFileType = file.xib; path = ASTimePickerViewController.xib; sourceTree = "<group>"; };
		D8F9C6FC187D62A50033B5C4 /* QuartzCore.framework */ = {isa = PBXFileReference; lastKnownFileType = wrapper.framework; name = QuartzCore.framework; path = System/Library/Frameworks/QuartzCore.framework; sourceTree = SDKROOT; };
		D8F9C6FE187D97D80033B5C4 /* ASGoalCopy.h */ = {isa = PBXFileReference; fileEncoding = 4; lastKnownFileType = sourcecode.c.h; path = ASGoalCopy.h; sourceTree = "<group>"; };
		D8F9C6FF187D97D80033B5C4 /* ASGoalCopy.m */ = {isa = PBXFileReference; fileEncoding = 4; lastKnownFileType = sourcecode.c.objc; path = ASGoalCopy.m; sourceTree = "<group>"; };
/* End PBXFileReference section */

/* Begin PBXFrameworksBuildPhase section */
		D83DD064187B3BEC0092D155 /* Frameworks */ = {
			isa = PBXFrameworksBuildPhase;
			buildActionMask = 2147483647;
			files = (
				D8F9C6FD187D62A50033B5C4 /* QuartzCore.framework in Frameworks */,
				D83DD11F187B4BFA0092D155 /* CoreData.framework in Frameworks */,
				D83DD06D187B3BEC0092D155 /* CoreGraphics.framework in Frameworks */,
				D83DD06F187B3BEC0092D155 /* UIKit.framework in Frameworks */,
				D83DD06B187B3BEC0092D155 /* Foundation.framework in Frameworks */,
			);
			runOnlyForDeploymentPostprocessing = 0;
		};
		D83DD07F187B3BEC0092D155 /* Frameworks */ = {
			isa = PBXFrameworksBuildPhase;
			buildActionMask = 2147483647;
			files = (
				D83DD084187B3BEC0092D155 /* XCTest.framework in Frameworks */,
				D83DD086187B3BEC0092D155 /* UIKit.framework in Frameworks */,
				D83DD085187B3BEC0092D155 /* Foundation.framework in Frameworks */,
			);
			runOnlyForDeploymentPostprocessing = 0;
		};
/* End PBXFrameworksBuildPhase section */

/* Begin PBXGroup section */
		D83DD05E187B3BEB0092D155 = {
			isa = PBXGroup;
			children = (
				D83DD070187B3BEC0092D155 /* SpockGoal */,
				D83DD089187B3BEC0092D155 /* SpockGoalTests */,
				D83DD069187B3BEC0092D155 /* Frameworks */,
				D83DD068187B3BEC0092D155 /* Products */,
			);
			sourceTree = "<group>";
		};
		D83DD068187B3BEC0092D155 /* Products */ = {
			isa = PBXGroup;
			children = (
				D83DD067187B3BEC0092D155 /* SpockGoal.app */,
				D83DD082187B3BEC0092D155 /* SpockGoalTests.xctest */,
			);
			name = Products;
			sourceTree = "<group>";
		};
		D83DD069187B3BEC0092D155 /* Frameworks */ = {
			isa = PBXGroup;
			children = (
				D8F9C6FC187D62A50033B5C4 /* QuartzCore.framework */,
				D83DD11E187B4BFA0092D155 /* CoreData.framework */,
				D83DD06A187B3BEC0092D155 /* Foundation.framework */,
				D83DD06C187B3BEC0092D155 /* CoreGraphics.framework */,
				D83DD06E187B3BEC0092D155 /* UIKit.framework */,
				D83DD083187B3BEC0092D155 /* XCTest.framework */,
			);
			name = Frameworks;
			sourceTree = "<group>";
		};
		D83DD070187B3BEC0092D155 /* SpockGoal */ = {
			isa = PBXGroup;
			children = (
				D83DD07C187B3BEC0092D155 /* Images.xcassets */,
				D83DD079187B3BEC0092D155 /* ASAppDelegate.h */,
				D83DD07A187B3BEC0092D155 /* ASAppDelegate.m */,
				D83DD09D187B3C400092D155 /* Model */,
				D83DD09E187B3C440092D155 /* View */,
				D83DD09C187B3C3A0092D155 /* Controller */,
				D83DD12C187B57D80092D155 /* Utilities */,
				D83DD071187B3BEC0092D155 /* Supporting Files */,
			);
			path = SpockGoal;
			sourceTree = "<group>";
		};
		D83DD071187B3BEC0092D155 /* Supporting Files */ = {
			isa = PBXGroup;
			children = (
				D83DD072187B3BEC0092D155 /* SpockGoal-Info.plist */,
				D83DD073187B3BEC0092D155 /* InfoPlist.strings */,
				D83DD076187B3BEC0092D155 /* main.m */,
				D83DD078187B3BEC0092D155 /* SpockGoal-Prefix.pch */,
			);
			name = "Supporting Files";
			sourceTree = "<group>";
		};
		D83DD089187B3BEC0092D155 /* SpockGoalTests */ = {
			isa = PBXGroup;
			children = (
				D83DD08F187B3BEC0092D155 /* SpockGoalTests.m */,
				D83DD08A187B3BEC0092D155 /* Supporting Files */,
			);
			path = SpockGoalTests;
			sourceTree = "<group>";
		};
		D83DD08A187B3BEC0092D155 /* Supporting Files */ = {
			isa = PBXGroup;
			children = (
				D83DD08B187B3BEC0092D155 /* SpockGoalTests-Info.plist */,
				D83DD08C187B3BEC0092D155 /* InfoPlist.strings */,
			);
			name = "Supporting Files";
			sourceTree = "<group>";
		};
		D83DD09C187B3C3A0092D155 /* Controller */ = {
			isa = PBXGroup;
			children = (
				D83DD099187B3C330092D155 /* ASMainViewController.h */,
				D83DD09A187B3C330092D155 /* ASMainViewController.m */,
			);
			name = Controller;
			sourceTree = "<group>";
		};
		D83DD09D187B3C400092D155 /* Model */ = {
			isa = PBXGroup;
			children = (
				D83DD120187B4C210092D155 /* SpockGoal.xcdatamodeld */,
				D8F9C6F4187CCD2B0033B5C4 /* ASGoal.h */,
				D8F9C6F5187CCD2B0033B5C4 /* ASGoal.m */,
				D8F9C6FE187D97D80033B5C4 /* ASGoalCopy.h */,
				D8F9C6FF187D97D80033B5C4 /* ASGoalCopy.m */,
				D8F9C6F1187CCD2A0033B5C4 /* ASRecord.h */,
				D8F9C6F2187CCD2A0033B5C4 /* ASRecord.m */,
				D83DD129187B52320092D155 /* ASGoalStore.h */,
				D83DD12A187B52320092D155 /* ASGoalStore.m */,
			);
			name = Model;
			sourceTree = "<group>";
		};
		D83DD09E187B3C440092D155 /* View */ = {
			isa = PBXGroup;
			children = (
				D8F9C6D5187C72440033B5C4 /* ASGoalCell.h */,
				D8F9C6D6187C72440033B5C4 /* ASGoalCell.m */,
				D8F9C6D8187C72650033B5C4 /* ASGoalCell.xib */,
				D8F9C6EC187CAF0F0033B5C4 /* ASGoalFormViewController.h */,
				D8F9C6ED187CAF0F0033B5C4 /* ASGoalFormViewController.m */,
				D8F9C6EE187CAF0F0033B5C4 /* ASGoalFormViewController.xib */,
				D8F9C6F7187CD83C0033B5C4 /* ASTimePickerViewController.h */,
				D8F9C6F8187CD83C0033B5C4 /* ASTimePickerViewController.m */,
				D8F9C6F9187CD83C0033B5C4 /* ASTimePickerViewController.xib */,
			);
			name = View;
			sourceTree = "<group>";
		};
		D83DD12C187B57D80092D155 /* Utilities */ = {
			isa = PBXGroup;
			children = (
				D83DD12D187B58580092D155 /* ASTimeProcess.h */,
				D83DD12E187B58580092D155 /* ASTimeProcess.m */,
				D8F9C6DA187C7AF70033B5C4 /* ASRandom.h */,
				D8F9C6DB187C7AF70033B5C4 /* ASRandom.m */,
			);
			name = Utilities;
			sourceTree = "<group>";
		};
/* End PBXGroup section */

/* Begin PBXNativeTarget section */
		D83DD066187B3BEC0092D155 /* SpockGoal */ = {
			isa = PBXNativeTarget;
			buildConfigurationList = D83DD093187B3BEC0092D155 /* Build configuration list for PBXNativeTarget "SpockGoal" */;
			buildPhases = (
				D83DD063187B3BEC0092D155 /* Sources */,
				D83DD064187B3BEC0092D155 /* Frameworks */,
				D83DD065187B3BEC0092D155 /* Resources */,
			);
			buildRules = (
			);
			dependencies = (
			);
			name = SpockGoal;
			productName = SpockGoal;
			productReference = D83DD067187B3BEC0092D155 /* SpockGoal.app */;
			productType = "com.apple.product-type.application";
		};
		D83DD081187B3BEC0092D155 /* SpockGoalTests */ = {
			isa = PBXNativeTarget;
			buildConfigurationList = D83DD096187B3BEC0092D155 /* Build configuration list for PBXNativeTarget "SpockGoalTests" */;
			buildPhases = (
				D83DD07E187B3BEC0092D155 /* Sources */,
				D83DD07F187B3BEC0092D155 /* Frameworks */,
				D83DD080187B3BEC0092D155 /* Resources */,
			);
			buildRules = (
			);
			dependencies = (
				D83DD088187B3BEC0092D155 /* PBXTargetDependency */,
			);
			name = SpockGoalTests;
			productName = SpockGoalTests;
			productReference = D83DD082187B3BEC0092D155 /* SpockGoalTests.xctest */;
			productType = "com.apple.product-type.bundle.unit-test";
		};
/* End PBXNativeTarget section */

/* Begin PBXProject section */
		D83DD05F187B3BEB0092D155 /* Project object */ = {
			isa = PBXProject;
			attributes = {
				CLASSPREFIX = AS;
				LastUpgradeCheck = 0500;
				ORGANIZATIONNAME = "Alan Sparrow";
				TargetAttributes = {
					D83DD081187B3BEC0092D155 = {
						TestTargetID = D83DD066187B3BEC0092D155;
					};
				};
			};
			buildConfigurationList = D83DD062187B3BEB0092D155 /* Build configuration list for PBXProject "SpockGoal" */;
			compatibilityVersion = "Xcode 3.2";
			developmentRegion = English;
			hasScannedForEncodings = 0;
			knownRegions = (
				en,
			);
			mainGroup = D83DD05E187B3BEB0092D155;
			productRefGroup = D83DD068187B3BEC0092D155 /* Products */;
			projectDirPath = "";
			projectRoot = "";
			targets = (
				D83DD066187B3BEC0092D155 /* SpockGoal */,
				D83DD081187B3BEC0092D155 /* SpockGoalTests */,
			);
		};
/* End PBXProject section */

/* Begin PBXResourcesBuildPhase section */
		D83DD065187B3BEC0092D155 /* Resources */ = {
			isa = PBXResourcesBuildPhase;
			buildActionMask = 2147483647;
			files = (
				D83DD075187B3BEC0092D155 /* InfoPlist.strings in Resources */,
				D83DD07D187B3BEC0092D155 /* Images.xcassets in Resources */,
				D8F9C6D9187C72650033B5C4 /* ASGoalCell.xib in Resources */,
				D8F9C6FB187CD83C0033B5C4 /* ASTimePickerViewController.xib in Resources */,
				D8F9C6F0187CAF0F0033B5C4 /* ASGoalFormViewController.xib in Resources */,
			);
			runOnlyForDeploymentPostprocessing = 0;
		};
		D83DD080187B3BEC0092D155 /* Resources */ = {
			isa = PBXResourcesBuildPhase;
			buildActionMask = 2147483647;
			files = (
				D83DD08E187B3BEC0092D155 /* InfoPlist.strings in Resources */,
			);
			runOnlyForDeploymentPostprocessing = 0;
		};
/* End PBXResourcesBuildPhase section */

/* Begin PBXSourcesBuildPhase section */
		D83DD063187B3BEC0092D155 /* Sources */ = {
			isa = PBXSourcesBuildPhase;
			buildActionMask = 2147483647;
			files = (
				D83DD07B187B3BEC0092D155 /* ASAppDelegate.m in Sources */,
				D83DD09B187B3C330092D155 /* ASMainViewController.m in Sources */,
				D83DD12B187B52320092D155 /* ASGoalStore.m in Sources */,
				D83DD12F187B58580092D155 /* ASTimeProcess.m in Sources */,
				D83DD077187B3BEC0092D155 /* main.m in Sources */,
				D8F9C6EF187CAF0F0033B5C4 /* ASGoalFormViewController.m in Sources */,
				D8F9C6F6187CCD2B0033B5C4 /* ASGoal.m in Sources */,
				D8F9C6FA187CD83C0033B5C4 /* ASTimePickerViewController.m in Sources */,
				D8F9C6D7187C72440033B5C4 /* ASGoalCell.m in Sources */,
				D8F9C700187D97D90033B5C4 /* ASGoalCopy.m in Sources */,
				D8F9C6DC187C7AF70033B5C4 /* ASRandom.m in Sources */,
				D8F9C6F3187CCD2A0033B5C4 /* ASRecord.m in Sources */,
				D83DD122187B4C210092D155 /* SpockGoal.xcdatamodeld in Sources */,
			);
			runOnlyForDeploymentPostprocessing = 0;
		};
		D83DD07E187B3BEC0092D155 /* Sources */ = {
			isa = PBXSourcesBuildPhase;
			buildActionMask = 2147483647;
			files = (
				D83DD090187B3BEC0092D155 /* SpockGoalTests.m in Sources */,
			);
			runOnlyForDeploymentPostprocessing = 0;
		};
/* End PBXSourcesBuildPhase section */

/* Begin PBXTargetDependency section */
		D83DD088187B3BEC0092D155 /* PBXTargetDependency */ = {
			isa = PBXTargetDependency;
			target = D83DD066187B3BEC0092D155 /* SpockGoal */;
			targetProxy = D83DD087187B3BEC0092D155 /* PBXContainerItemProxy */;
		};
/* End PBXTargetDependency section */

/* Begin PBXVariantGroup section */
		D83DD073187B3BEC0092D155 /* InfoPlist.strings */ = {
			isa = PBXVariantGroup;
			children = (
				D83DD074187B3BEC0092D155 /* en */,
			);
			name = InfoPlist.strings;
			sourceTree = "<group>";
		};
		D83DD08C187B3BEC0092D155 /* InfoPlist.strings */ = {
			isa = PBXVariantGroup;
			children = (
				D83DD08D187B3BEC0092D155 /* en */,
			);
			name = InfoPlist.strings;
			sourceTree = "<group>";
		};
/* End PBXVariantGroup section */

/* Begin XCBuildConfiguration section */
		D83DD091187B3BEC0092D155 /* Debug */ = {
			isa = XCBuildConfiguration;
			buildSettings = {
				ALWAYS_SEARCH_USER_PATHS = NO;
				ARCHS = "$(ARCHS_STANDARD_INCLUDING_64_BIT)";
				CLANG_CXX_LANGUAGE_STANDARD = "gnu++0x";
				CLANG_CXX_LIBRARY = "libc++";
				CLANG_ENABLE_MODULES = YES;
				CLANG_ENABLE_OBJC_ARC = YES;
				CLANG_WARN_BOOL_CONVERSION = YES;
				CLANG_WARN_CONSTANT_CONVERSION = YES;
				CLANG_WARN_DIRECT_OBJC_ISA_USAGE = YES_ERROR;
				CLANG_WARN_EMPTY_BODY = YES;
				CLANG_WARN_ENUM_CONVERSION = YES;
				CLANG_WARN_INT_CONVERSION = YES;
				CLANG_WARN_OBJC_ROOT_CLASS = YES_ERROR;
				CLANG_WARN__DUPLICATE_METHOD_MATCH = YES;
				"CODE_SIGN_IDENTITY[sdk=iphoneos*]" = "iPhone Developer";
				COPY_PHASE_STRIP = NO;
				GCC_C_LANGUAGE_STANDARD = gnu99;
				GCC_DYNAMIC_NO_PIC = NO;
				GCC_OPTIMIZATION_LEVEL = 0;
				GCC_PREPROCESSOR_DEFINITIONS = (
					"DEBUG=1",
					"$(inherited)",
				);
				GCC_SYMBOLS_PRIVATE_EXTERN = NO;
				GCC_WARN_64_TO_32_BIT_CONVERSION = YES;
				GCC_WARN_ABOUT_RETURN_TYPE = YES_ERROR;
				GCC_WARN_UNDECLARED_SELECTOR = YES;
				GCC_WARN_UNINITIALIZED_AUTOS = YES;
				GCC_WARN_UNUSED_FUNCTION = YES;
				GCC_WARN_UNUSED_VARIABLE = YES;
				IPHONEOS_DEPLOYMENT_TARGET = 7.0;
				ONLY_ACTIVE_ARCH = YES;
				SDKROOT = iphoneos;
			};
			name = Debug;
		};
		D83DD092187B3BEC0092D155 /* Release */ = {
			isa = XCBuildConfiguration;
			buildSettings = {
				ALWAYS_SEARCH_USER_PATHS = NO;
				ARCHS = "$(ARCHS_STANDARD_INCLUDING_64_BIT)";
				CLANG_CXX_LANGUAGE_STANDARD = "gnu++0x";
				CLANG_CXX_LIBRARY = "libc++";
				CLANG_ENABLE_MODULES = YES;
				CLANG_ENABLE_OBJC_ARC = YES;
				CLANG_WARN_BOOL_CONVERSION = YES;
				CLANG_WARN_CONSTANT_CONVERSION = YES;
				CLANG_WARN_DIRECT_OBJC_ISA_USAGE = YES_ERROR;
				CLANG_WARN_EMPTY_BODY = YES;
				CLANG_WARN_ENUM_CONVERSION = YES;
				CLANG_WARN_INT_CONVERSION = YES;
				CLANG_WARN_OBJC_ROOT_CLASS = YES_ERROR;
				CLANG_WARN__DUPLICATE_METHOD_MATCH = YES;
				"CODE_SIGN_IDENTITY[sdk=iphoneos*]" = "iPhone Developer";
				COPY_PHASE_STRIP = YES;
				ENABLE_NS_ASSERTIONS = NO;
				GCC_C_LANGUAGE_STANDARD = gnu99;
				GCC_WARN_64_TO_32_BIT_CONVERSION = YES;
				GCC_WARN_ABOUT_RETURN_TYPE = YES_ERROR;
				GCC_WARN_UNDECLARED_SELECTOR = YES;
				GCC_WARN_UNINITIALIZED_AUTOS = YES;
				GCC_WARN_UNUSED_FUNCTION = YES;
				GCC_WARN_UNUSED_VARIABLE = YES;
				IPHONEOS_DEPLOYMENT_TARGET = 7.0;
				SDKROOT = iphoneos;
				VALIDATE_PRODUCT = YES;
			};
			name = Release;
		};
		D83DD094187B3BEC0092D155 /* Debug */ = {
			isa = XCBuildConfiguration;
			buildSettings = {
				ASSETCATALOG_COMPILER_APPICON_NAME = AppIcon;
				ASSETCATALOG_COMPILER_LAUNCHIMAGE_NAME = LaunchImage;
				GCC_PRECOMPILE_PREFIX_HEADER = YES;
				GCC_PREFIX_HEADER = "SpockGoal/SpockGoal-Prefix.pch";
				INFOPLIST_FILE = "SpockGoal/SpockGoal-Info.plist";
				PRODUCT_NAME = "$(TARGET_NAME)";
				WRAPPER_EXTENSION = app;
			};
			name = Debug;
		};
		D83DD095187B3BEC0092D155 /* Release */ = {
			isa = XCBuildConfiguration;
			buildSettings = {
				ASSETCATALOG_COMPILER_APPICON_NAME = AppIcon;
				ASSETCATALOG_COMPILER_LAUNCHIMAGE_NAME = LaunchImage;
				GCC_PRECOMPILE_PREFIX_HEADER = YES;
				GCC_PREFIX_HEADER = "SpockGoal/SpockGoal-Prefix.pch";
				INFOPLIST_FILE = "SpockGoal/SpockGoal-Info.plist";
				PRODUCT_NAME = "$(TARGET_NAME)";
				WRAPPER_EXTENSION = app;
			};
			name = Release;
		};
		D83DD097187B3BEC0092D155 /* Debug */ = {
			isa = XCBuildConfiguration;
			buildSettings = {
				ARCHS = "$(ARCHS_STANDARD_INCLUDING_64_BIT)";
				BUNDLE_LOADER = "$(BUILT_PRODUCTS_DIR)/SpockGoal.app/SpockGoal";
				FRAMEWORK_SEARCH_PATHS = (
					"$(SDKROOT)/Developer/Library/Frameworks",
					"$(inherited)",
					"$(DEVELOPER_FRAMEWORKS_DIR)",
				);
				GCC_PRECOMPILE_PREFIX_HEADER = YES;
				GCC_PREFIX_HEADER = "SpockGoal/SpockGoal-Prefix.pch";
				GCC_PREPROCESSOR_DEFINITIONS = (
					"DEBUG=1",
					"$(inherited)",
				);
				INFOPLIST_FILE = "SpockGoalTests/SpockGoalTests-Info.plist";
				PRODUCT_NAME = "$(TARGET_NAME)";
				TEST_HOST = "$(BUNDLE_LOADER)";
				WRAPPER_EXTENSION = xctest;
			};
			name = Debug;
		};
		D83DD098187B3BEC0092D155 /* Release */ = {
			isa = XCBuildConfiguration;
			buildSettings = {
				ARCHS = "$(ARCHS_STANDARD_INCLUDING_64_BIT)";
				BUNDLE_LOADER = "$(BUILT_PRODUCTS_DIR)/SpockGoal.app/SpockGoal";
				FRAMEWORK_SEARCH_PATHS = (
					"$(SDKROOT)/Developer/Library/Frameworks",
					"$(inherited)",
					"$(DEVELOPER_FRAMEWORKS_DIR)",
				);
				GCC_PRECOMPILE_PREFIX_HEADER = YES;
				GCC_PREFIX_HEADER = "SpockGoal/SpockGoal-Prefix.pch";
				INFOPLIST_FILE = "SpockGoalTests/SpockGoalTests-Info.plist";
				PRODUCT_NAME = "$(TARGET_NAME)";
				TEST_HOST = "$(BUNDLE_LOADER)";
				WRAPPER_EXTENSION = xctest;
			};
			name = Release;
		};
/* End XCBuildConfiguration section */

/* Begin XCConfigurationList section */
		D83DD062187B3BEB0092D155 /* Build configuration list for PBXProject "SpockGoal" */ = {
			isa = XCConfigurationList;
			buildConfigurations = (
				D83DD091187B3BEC0092D155 /* Debug */,
				D83DD092187B3BEC0092D155 /* Release */,
			);
			defaultConfigurationIsVisible = 0;
			defaultConfigurationName = Release;
		};
		D83DD093187B3BEC0092D155 /* Build configuration list for PBXNativeTarget "SpockGoal" */ = {
			isa = XCConfigurationList;
			buildConfigurations = (
				D83DD094187B3BEC0092D155 /* Debug */,
				D83DD095187B3BEC0092D155 /* Release */,
			);
			defaultConfigurationIsVisible = 0;
			defaultConfigurationName = Release;
		};
		D83DD096187B3BEC0092D155 /* Build configuration list for PBXNativeTarget "SpockGoalTests" */ = {
			isa = XCConfigurationList;
			buildConfigurations = (
				D83DD097187B3BEC0092D155 /* Debug */,
				D83DD098187B3BEC0092D155 /* Release */,
			);
			defaultConfigurationIsVisible = 0;
			defaultConfigurationName = Release;
		};
/* End XCConfigurationList section */

/* Begin XCVersionGroup section */
		D83DD120187B4C210092D155 /* SpockGoal.xcdatamodeld */ = {
			isa = XCVersionGroup;
			children = (
				D83DD121187B4C210092D155 /* SpockGoal.xcdatamodel */,
			);
			currentVersion = D83DD121187B4C210092D155 /* SpockGoal.xcdatamodel */;
			path = SpockGoal.xcdatamodeld;
			sourceTree = SOURCE_ROOT;
			versionGroupType = wrapper.xcdatamodel;
		};
/* End XCVersionGroup section */
	};
	rootObject = D83DD05F187B3BEB0092D155 /* Project object */;
}
